// !$*UTF8*$!
{
	archiveVersion = 1;
	classes = {
	};
	objectVersion = 50;
	objects = {

/* Begin PBXBuildFile section */
		CDA9D60D44F821742BDF0769 /* Pods_SDWebImageSwiftbook.framework in Frameworks */ = {isa = PBXBuildFile; fileRef = 74E4DEA41CB606161FF3FAE8 /* Pods_SDWebImageSwiftbook.framework */; };
		F045902C2302A4FF00040A0C /* AppDelegate.swift in Sources */ = {isa = PBXBuildFile; fileRef = F045902B2302A4FF00040A0C /* AppDelegate.swift */; };
		F045902E2302A4FF00040A0C /* SceneDelegate.swift in Sources */ = {isa = PBXBuildFile; fileRef = F045902D2302A4FF00040A0C /* SceneDelegate.swift */; };
		F04590302302A4FF00040A0C /* ViewController.swift in Sources */ = {isa = PBXBuildFile; fileRef = F045902F2302A4FF00040A0C /* ViewController.swift */; };
		F04590332302A4FF00040A0C /* Main.storyboard in Resources */ = {isa = PBXBuildFile; fileRef = F04590312302A4FF00040A0C /* Main.storyboard */; };
		F04590352302A50100040A0C /* Assets.xcassets in Resources */ = {isa = PBXBuildFile; fileRef = F04590342302A50100040A0C /* Assets.xcassets */; };
		F04590382302A50100040A0C /* LaunchScreen.storyboard in Resources */ = {isa = PBXBuildFile; fileRef = F04590362302A50100040A0C /* LaunchScreen.storyboard */; };
/* End PBXBuildFile section */

/* Begin PBXFileReference section */
		0697327E92541C810E414A69 /* Pods-SDWebImageSwiftbook.release.xcconfig */ = {isa = PBXFileReference; includeInIndex = 1; lastKnownFileType = text.xcconfig; name = "Pods-SDWebImageSwiftbook.release.xcconfig"; path = "Target Support Files/Pods-SDWebImageSwiftbook/Pods-SDWebImageSwiftbook.release.xcconfig"; sourceTree = "<group>"; };
		74E4DEA41CB606161FF3FAE8 /* Pods_SDWebImageSwiftbook.framework */ = {isa = PBXFileReference; explicitFileType = wrapper.framework; includeInIndex = 0; path = Pods_SDWebImageSwiftbook.framework; sourceTree = BUILT_PRODUCTS_DIR; };
		8A86D244D434E29D23B95319 /* Pods-SDWebImageSwiftbook.debug.xcconfig */ = {isa = PBXFileReference; includeInIndex = 1; lastKnownFileType = text.xcconfig; name = "Pods-SDWebImageSwiftbook.debug.xcconfig"; path = "Target Support Files/Pods-SDWebImageSwiftbook/Pods-SDWebImageSwiftbook.debug.xcconfig"; sourceTree = "<group>"; };
		F04590282302A4FF00040A0C /* SDWebImageSwiftbook.app */ = {isa = PBXFileReference; explicitFileType = wrapper.application; includeInIndex = 0; path = SDWebImageSwiftbook.app; sourceTree = BUILT_PRODUCTS_DIR; };
		F045902B2302A4FF00040A0C /* AppDelegate.swift */ = {isa = PBXFileReference; lastKnownFileType = sourcecode.swift; path = AppDelegate.swift; sourceTree = "<group>"; };
		F045902D2302A4FF00040A0C /* SceneDelegate.swift */ = {isa = PBXFileReference; lastKnownFileType = sourcecode.swift; path = SceneDelegate.swift; sourceTree = "<group>"; };
		F045902F2302A4FF00040A0C /* ViewController.swift */ = {isa = PBXFileReference; lastKnownFileType = sourcecode.swift; path = ViewController.swift; sourceTree = "<group>"; };
		F04590322302A4FF00040A0C /* Base */ = {isa = PBXFileReference; lastKnownFileType = file.storyboard; name = Base; path = Base.lproj/Main.storyboard; sourceTree = "<group>"; };
		F04590342302A50100040A0C /* Assets.xcassets */ = {isa = PBXFileReference; lastKnownFileType = folder.assetcatalog; path = Assets.xcassets; sourceTree = "<group>"; };
		F04590372302A50100040A0C /* Base */ = {isa = PBXFileReference; lastKnownFileType = file.storyboard; name = Base; path = Base.lproj/LaunchScreen.storyboard; sourceTree = "<group>"; };
		F04590392302A50100040A0C /* Info.plist */ = {isa = PBXFileReference; lastKnownFileType = text.plist.xml; path = Info.plist; sourceTree = "<group>"; };
/* End PBXFileReference section */

/* Begin PBXFrameworksBuildPhase section */
		F04590252302A4FF00040A0C /* Frameworks */ = {
			isa = PBXFrameworksBuildPhase;
			buildActionMask = 2147483647;
			files = (
				CDA9D60D44F821742BDF0769 /* Pods_SDWebImageSwiftbook.framework in Frameworks */,
			);
			runOnlyForDeploymentPostprocessing = 0;
		};
/* End PBXFrameworksBuildPhase section */

/* Begin PBXGroup section */
		675313EADC9FF4C5E2A08443 /* Frameworks */ = {
			isa = PBXGroup;
			children = (
				74E4DEA41CB606161FF3FAE8 /* Pods_SDWebImageSwiftbook.framework */,
			);
			name = Frameworks;
			sourceTree = "<group>";
		};
		F045901F2302A4FF00040A0C = {
			isa = PBXGroup;
			children = (
				F045902A2302A4FF00040A0C /* SDWebImageSwiftbook */,
				F04590292302A4FF00040A0C /* Products */,
				FC360747067F2EBA7AC8E73F /* Pods */,
				675313EADC9FF4C5E2A08443 /* Frameworks */,
			);
			sourceTree = "<group>";
		};
		F04590292302A4FF00040A0C /* Products */ = {
			isa = PBXGroup;
			children = (
				F04590282302A4FF00040A0C /* SDWebImageSwiftbook.app */,
			);
			name = Products;
			sourceTree = "<group>";
		};
		F045902A2302A4FF00040A0C /* SDWebImageSwiftbook */ = {
			isa = PBXGroup;
			children = (
				F045902B2302A4FF00040A0C /* AppDelegate.swift */,
				F045902D2302A4FF00040A0C /* SceneDelegate.swift */,
				F045902F2302A4FF00040A0C /* ViewController.swift */,
				F04590312302A4FF00040A0C /* Main.storyboard */,
				F04590342302A50100040A0C /* Assets.xcassets */,
				F04590362302A50100040A0C /* LaunchScreen.storyboard */,
				F04590392302A50100040A0C /* Info.plist */,
			);
			path = SDWebImageSwiftbook;
			sourceTree = "<group>";
		};
		FC360747067F2EBA7AC8E73F /* Pods */ = {
			isa = PBXGroup;
			children = (
				8A86D244D434E29D23B95319 /* Pods-SDWebImageSwiftbook.debug.xcconfig */,
				0697327E92541C810E414A69 /* Pods-SDWebImageSwiftbook.release.xcconfig */,
			);
			name = Pods;
			path = Pods;
			sourceTree = "<group>";
		};
/* End PBXGroup section */

/* Begin PBXNativeTarget section */
		F04590272302A4FF00040A0C /* SDWebImageSwiftbook */ = {
			isa = PBXNativeTarget;
			buildConfigurationList = F045903C2302A50100040A0C /* Build configuration list for PBXNativeTarget "SDWebImageSwiftbook" */;
			buildPhases = (
				B2368B727382619611DE7B97 /* [CP] Check Pods Manifest.lock */,
				F04590242302A4FF00040A0C /* Sources */,
				F04590252302A4FF00040A0C /* Frameworks */,
				F04590262302A4FF00040A0C /* Resources */,
				B59191224C8DF897861A337A /* [CP] Embed Pods Frameworks */,
			);
			buildRules = (
			);
			dependencies = (
			);
			name = SDWebImageSwiftbook;
			productName = SDWebImageSwiftbook;
			productReference = F04590282302A4FF00040A0C /* SDWebImageSwiftbook.app */;
			productType = "com.apple.product-type.application";
		};
/* End PBXNativeTarget section */

/* Begin PBXProject section */
		F04590202302A4FF00040A0C /* Project object */ = {
			isa = PBXProject;
			attributes = {
				LastSwiftUpdateCheck = 1100;
				LastUpgradeCheck = 1100;
				ORGANIZATIONNAME = "Алексей Пархоменко";
				TargetAttributes = {
					F04590272302A4FF00040A0C = {
						CreatedOnToolsVersion = 11.0;
					};
				};
			};
			buildConfigurationList = F04590232302A4FF00040A0C /* Build configuration list for PBXProject "SDWebImageSwiftbook" */;
			compatibilityVersion = "Xcode 9.3";
			developmentRegion = en;
			hasScannedForEncodings = 0;
			knownRegions = (
				en,
				Base,
			);
			mainGroup = F045901F2302A4FF00040A0C;
			productRefGroup = F04590292302A4FF00040A0C /* Products */;
			projectDirPath = "";
			projectRoot = "";
			targets = (
				F04590272302A4FF00040A0C /* SDWebImageSwiftbook */,
			);
		};
/* End PBXProject section */

/* Begin PBXResourcesBuildPhase section */
		F04590262302A4FF00040A0C /* Resources */ = {
			isa = PBXResourcesBuildPhase;
			buildActionMask = 2147483647;
			files = (
				F04590382302A50100040A0C /* LaunchScreen.storyboard in Resources */,
				F04590352302A50100040A0C /* Assets.xcassets in Resources */,
				F04590332302A4FF00040A0C /* Main.storyboard in Resources */,
			);
			runOnlyForDeploymentPostprocessing = 0;
		};
/* End PBXResourcesBuildPhase section */

/* Begin PBXShellScriptBuildPhase section */
		B2368B727382619611DE7B97 /* [CP] Check Pods Manifest.lock */ = {
			isa = PBXShellScriptBuildPhase;
			buildActionMask = 2147483647;
			files = (
			);
			inputFileListPaths = (
			);
			inputPaths = (
				"${PODS_PODFILE_DIR_PATH}/Podfile.lock",
				"${PODS_ROOT}/Manifest.lock",
			);
			name = "[CP] Check Pods Manifest.lock";
			outputFileListPaths = (
			);
			outputPaths = (
				"$(DERIVED_FILE_DIR)/Pods-SDWebImageSwiftbook-checkManifestLockResult.txt",
			);
			runOnlyForDeploymentPostprocessing = 0;
			shellPath = /bin/sh;
			shellScript = "diff \"${PODS_PODFILE_DIR_PATH}/Podfile.lock\" \"${PODS_ROOT}/Manifest.lock\" > /dev/null\nif [ $? != 0 ] ; then\n    # print error to STDERR\n    echo \"error: The sandbox is not in sync with the Podfile.lock. Run 'pod install' or update your CocoaPods installation.\" >&2\n    exit 1\nfi\n# This output is used by Xcode 'outputs' to avoid re-running this script phase.\necho \"SUCCESS\" > \"${SCRIPT_OUTPUT_FILE_0}\"\n";
			showEnvVarsInLog = 0;
		};
		B59191224C8DF897861A337A /* [CP] Embed Pods Frameworks */ = {
			isa = PBXShellScriptBuildPhase;
			buildActionMask = 2147483647;
			files = (
			);
			inputFileListPaths = (
				"${PODS_ROOT}/Target Support Files/Pods-SDWebImageSwiftbook/Pods-SDWebImageSwiftbook-frameworks-${CONFIGURATION}-input-files.xcfilelist",
			);
			name = "[CP] Embed Pods Frameworks";
			outputFileListPaths = (
				"${PODS_ROOT}/Target Support Files/Pods-SDWebImageSwiftbook/Pods-SDWebImageSwiftbook-frameworks-${CONFIGURATION}-output-files.xcfilelist",
			);
			runOnlyForDeploymentPostprocessing = 0;
			shellPath = /bin/sh;
			shellScript = "\"${PODS_ROOT}/Target Support Files/Pods-SDWebImageSwiftbook/Pods-SDWebImageSwiftbook-frameworks.sh\"\n";
			showEnvVarsInLog = 0;
		};
/* End PBXShellScriptBuildPhase section */

/* Begin PBXSourcesBuildPhase section */
		F04590242302A4FF00040A0C /* Sources */ = {
			isa = PBXSourcesBuildPhase;
			buildActionMask = 2147483647;
			files = (
				F04590302302A4FF00040A0C /* ViewController.swift in Sources */,
				F045902C2302A4FF00040A0C /* AppDelegate.swift in Sources */,
				F045902E2302A4FF00040A0C /* SceneDelegate.swift in Sources */,
			);
			runOnlyForDeploymentPostprocessing = 0;
		};
/* End PBXSourcesBuildPhase section */

/* Begin PBXVariantGroup section */
		F04590312302A4FF00040A0C /* Main.storyboard */ = {
			isa = PBXVariantGroup;
			children = (
				F04590322302A4FF00040A0C /* Base */,
			);
			name = Main.storyboard;
			sourceTree = "<group>";
		};
		F04590362302A50100040A0C /* LaunchScreen.storyboard */ = {
			isa = PBXVariantGroup;
			children = (
				F04590372302A50100040A0C /* Base */,
			);
			name = LaunchScreen.storyboard;
			sourceTree = "<group>";
		};
/* End PBXVariantGroup section */

/* Begin XCBuildConfiguration section */
		F045903A2302A50100040A0C /* Debug */ = {
			isa = XCBuildConfiguration;
			buildSettings = {
				ALWAYS_SEARCH_USER_PATHS = NO;
				CLANG_ANALYZER_NONNULL = YES;
				CLANG_ANALYZER_NUMBER_OBJECT_CONVERSION = YES_AGGRESSIVE;
				CLANG_CXX_LANGUAGE_STANDARD = "gnu++14";
				CLANG_CXX_LIBRARY = "libc++";
				CLANG_ENABLE_MODULES = YES;
				CLANG_ENABLE_OBJC_ARC = YES;
				CLANG_ENABLE_OBJC_WEAK = YES;
				CLANG_WARN_BLOCK_CAPTURE_AUTORELEASING = YES;
				CLANG_WARN_BOOL_CONVERSION = YES;
				CLANG_WARN_COMMA = YES;
				CLANG_WARN_CONSTANT_CONVERSION = YES;
				CLANG_WARN_DEPRECATED_OBJC_IMPLEMENTATIONS = YES;
				CLANG_WARN_DIRECT_OBJC_ISA_USAGE = YES_ERROR;
				CLANG_WARN_DOCUMENTATION_COMMENTS = YES;
				CLANG_WARN_EMPTY_BODY = YES;
				CLANG_WARN_ENUM_CONVERSION = YES;
				CLANG_WARN_INFINITE_RECURSION = YES;
				CLANG_WARN_INT_CONVERSION = YES;
				CLANG_WARN_NON_LITERAL_NULL_CONVERSION = YES;
				CLANG_WARN_OBJC_IMPLICIT_RETAIN_SELF = YES;
				CLANG_WARN_OBJC_LITERAL_CONVERSION = YES;
				CLANG_WARN_OBJC_ROOT_CLASS = YES_ERROR;
				CLANG_WARN_RANGE_LOOP_ANALYSIS = YES;
				CLANG_WARN_STRICT_PROTOTYPES = YES;
				CLANG_WARN_SUSPICIOUS_MOVE = YES;
				CLANG_WARN_UNGUARDED_AVAILABILITY = YES_AGGRESSIVE;
				CLANG_WARN_UNREACHABLE_CODE = YES;
				CLANG_WARN__DUPLICATE_METHOD_MATCH = YES;
				COPY_PHASE_STRIP = NO;
				DEBUG_INFORMATION_FORMAT = dwarf;
				ENABLE_STRICT_OBJC_MSGSEND = YES;
				ENABLE_TESTABILITY = YES;
				GCC_C_LANGUAGE_STANDARD = gnu11;
				GCC_DYNAMIC_NO_PIC = NO;
				GCC_NO_COMMON_BLOCKS = YES;
				GCC_OPTIMIZATION_LEVEL = 0;
				GCC_PREPROCESSOR_DEFINITIONS = (
					"DEBUG=1",
					"$(inherited)",
				);
				GCC_WARN_64_TO_32_BIT_CONVERSION = YES;
				GCC_WARN_ABOUT_RETURN_TYPE = YES_ERROR;
				GCC_WARN_UNDECLARED_SELECTOR = YES;
				GCC_WARN_UNINITIALIZED_AUTOS = YES_AGGRESSIVE;
				GCC_WARN_UNUSED_FUNCTION = YES;
				GCC_WARN_UNUSED_VARIABLE = YES;
				IPHONEOS_DEPLOYMENT_TARGET = 13.0;
				MTL_ENABLE_DEBUG_INFO = INCLUDE_SOURCE;
				MTL_FAST_MATH = YES;
				ONLY_ACTIVE_ARCH = YES;
				SDKROOT = iphoneos;
				SWIFT_ACTIVE_COMPILATION_CONDITIONS = DEBUG;
				SWIFT_OPTIMIZATION_LEVEL = "-Onone";
			};
			name = Debug;
		};
		F045903B2302A50100040A0C /* Release */ = {
			isa = XCBuildConfiguration;
			buildSettings = {
				ALWAYS_SEARCH_USER_PATHS = NO;
				CLANG_ANALYZER_NONNULL = YES;
				CLANG_ANALYZER_NUMBER_OBJECT_CONVERSION = YES_AGGRESSIVE;
				CLANG_CXX_LANGUAGE_STANDARD = "gnu++14";
				CLANG_CXX_LIBRARY = "libc++";
				CLANG_ENABLE_MODULES = YES;
				CLANG_ENABLE_OBJC_ARC = YES;
				CLANG_ENABLE_OBJC_WEAK = YES;
				CLANG_WARN_BLOCK_CAPTURE_AUTORELEASING = YES;
				CLANG_WARN_BOOL_CONVERSION = YES;
				CLANG_WARN_COMMA = YES;
				CLANG_WARN_CONSTANT_CONVERSION = YES;
				CLANG_WARN_DEPRECATED_OBJC_IMPLEMENTATIONS = YES;
				CLANG_WARN_DIRECT_OBJC_ISA_USAGE = YES_ERROR;
				CLANG_WARN_DOCUMENTATION_COMMENTS = YES;
				CLANG_WARN_EMPTY_BODY = YES;
				CLANG_WARN_ENUM_CONVERSION = YES;
				CLANG_WARN_INFINITE_RECURSION = YES;
				CLANG_WARN_INT_CONVERSION = YES;
				CLANG_WARN_NON_LITERAL_NULL_CONVERSION = YES;
				CLANG_WARN_OBJC_IMPLICIT_RETAIN_SELF = YES;
				CLANG_WARN_OBJC_LITERAL_CONVERSION = YES;
				CLANG_WARN_OBJC_ROOT_CLASS = YES_ERROR;
				CLANG_WARN_RANGE_LOOP_ANALYSIS = YES;
				CLANG_WARN_STRICT_PROTOTYPES = YES;
				CLANG_WARN_SUSPICIOUS_MOVE = YES;
				CLANG_WARN_UNGUARDED_AVAILABILITY = YES_AGGRESSIVE;
				CLANG_WARN_UNREACHABLE_CODE = YES;
				CLANG_WARN__DUPLICATE_METHOD_MATCH = YES;
				COPY_PHASE_STRIP = NO;
				DEBUG_INFORMATION_FORMAT = "dwarf-with-dsym";
				ENABLE_NS_ASSERTIONS = NO;
				ENABLE_STRICT_OBJC_MSGSEND = YES;
				GCC_C_LANGUAGE_STANDARD = gnu11;
				GCC_NO_COMMON_BLOCKS = YES;
				GCC_WARN_64_TO_32_BIT_CONVERSION = YES;
				GCC_WARN_ABOUT_RETURN_TYPE = YES_ERROR;
				GCC_WARN_UNDECLARED_SELECTOR = YES;
				GCC_WARN_UNINITIALIZED_AUTOS = YES_AGGRESSIVE;
				GCC_WARN_UNUSED_FUNCTION = YES;
				GCC_WARN_UNUSED_VARIABLE = YES;
				IPHONEOS_DEPLOYMENT_TARGET = 13.0;
				MTL_ENABLE_DEBUG_INFO = NO;
				MTL_FAST_MATH = YES;
				SDKROOT = iphoneos;
				SWIFT_COMPILATION_MODE = wholemodule;
				SWIFT_OPTIMIZATION_LEVEL = "-O";
				VALIDATE_PRODUCT = YES;
			};
			name = Release;
		};
		F045903D2302A50100040A0C /* Debug */ = {
			isa = XCBuildConfiguration;
			baseConfigurationReference = 8A86D244D434E29D23B95319 /* Pods-SDWebImageSwiftbook.debug.xcconfig */;
			buildSettings = {
				ASSETCATALOG_COMPILER_APPICON_NAME = AppIcon;
				CODE_SIGN_STYLE = Automatic;
				DEVELOPMENT_TEAM = TSZQ4D456H;
				INFOPLIST_FILE = SDWebImageSwiftbook/Info.plist;
				LD_RUNPATH_SEARCH_PATHS = (
					"$(inherited)",
					"@executable_path/Frameworks",
				);
				PRODUCT_BUNDLE_IDENTIFIER = com.alexeyParkhomenko.SDWebImageSwiftbook;
				PRODUCT_NAME = "$(TARGET_NAME)";
				SWIFT_VERSION = 5.0;
				TARGETED_DEVICE_FAMILY = "1,2";
			};
			name = Debug;
		};
		F045903E2302A50100040A0C /* Release */ = {
			isa = XCBuildConfiguration;
			baseConfigurationReference = 0697327E92541C810E414A69 /* Pods-SDWebImageSwiftbook.release.xcconfig */;
			buildSettings = {
				ASSETCATALOG_COMPILER_APPICON_NAME = AppIcon;
				CODE_SIGN_STYLE = Automatic;
				DEVELOPMENT_TEAM = TSZQ4D456H;
				INFOPLIST_FILE = SDWebImageSwiftbook/Info.plist;
				LD_RUNPATH_SEARCH_PATHS = (
					"$(inherited)",
					"@executable_path/Frameworks",
				);
				PRODUCT_BUNDLE_IDENTIFIER = com.alexeyParkhomenko.SDWebImageSwiftbook;
				PRODUCT_NAME = "$(TARGET_NAME)";
				SWIFT_VERSION = 5.0;
				TARGETED_DEVICE_FAMILY = "1,2";
			};
			name = Release;
		};
/* End XCBuildConfiguration section */

/* Begin XCConfigurationList section */
		F04590232302A4FF00040A0C /* Build configuration list for PBXProject "SDWebImageSwiftbook" */ = {
			isa = XCConfigurationList;
			buildConfigurations = (
				F045903A2302A50100040A0C /* Debug */,
				F045903B2302A50100040A0C /* Release */,
			);
			defaultConfigurationIsVisible = 0;
			defaultConfigurationName = Release;
		};
		F045903C2302A50100040A0C /* Build configuration list for PBXNativeTarget "SDWebImageSwiftbook" */ = {
			isa = XCConfigurationList;
			buildConfigurations = (
				F045903D2302A50100040A0C /* Debug */,
				F045903E2302A50100040A0C /* Release */,
			);
			defaultConfigurationIsVisible = 0;
			defaultConfigurationName = Release;
		};
/* End XCConfigurationList section */
	};
	rootObject = F04590202302A4FF00040A0C /* Project object */;
}
